
Microsoft Visual Studio Solution File, Format Version 12.00
# Visual Studio Version 17
VisualStudioVersion = 17.4.33213.308
MinimumVisualStudioVersion = 10.0.40219.1
Project("{FAE04EC0-301F-11D3-BF4B-00C04F79EFBC}") = "AnimalShelter.API", "AnimalShelter.API\AnimalShelter.API.csproj", "{C5C280B0-B732-42A9-8D42-613CB6AA2CCC}"
EndProject
Global
	GlobalSection(SolutionConfigurationPlatforms) = preSolution
		Debug|Any CPU = Debug|Any CPU
		Release|Any CPU = Release|Any CPU
	EndGlobalSection
	GlobalSection(ProjectConfigurationPlatforms) = postSolution
		{C5C280B0-B732-42A9-8D42-613CB6AA2CCC}.Debug|Any CPU.ActiveCfg = Debug|Any CPU
		{C5C280B0-B732-42A9-8D42-613CB6AA2CCC}.Debug|Any CPU.Build.0 = Debug|Any CPU
		{C5C280B0-B732-42A9-8D42-613CB6AA2CCC}.Release|Any CPU.ActiveCfg = Release|Any CPU
		{C5C280B0-B732-42A9-8D42-613CB6AA2CCC}.Release|Any CPU.Build.0 = Release|Any CPU
	EndGlobalSection
	GlobalSection(SolutionProperties) = preSolution
		HideSolutionNode = FALSE
	EndGlobalSection
	GlobalSection(ExtensibilityGlobals) = postSolution
		SolutionGuid = {3AC013FB-27C5-425F-8FBE-171E7B51AF56}
	EndGlobalSection
EndGlobal
