
Microsoft Visual Studio Solution File, Format Version 12.00
# Visual Studio Version 17
VisualStudioVersion = 17.4.33213.308
MinimumVisualStudioVersion = 10.0.40219.1
Project("{9A19103F-16F7-4668-BE54-9A1E7A4F7556}") = "AnimalShelter.API", "AnimalShelter.API\AnimalShelter.API.csproj", "{29FA0827-EC8E-4D20-9A2F-E712E3D52C7A}"
EndProject
Project("{9A19103F-16F7-4668-BE54-9A1E7A4F7556}") = "AnimalShelter.Domain", "AnimalShelter.Domain\AnimalShelter.Domain.csproj", "{B6A462C5-3843-41D8-BC8D-1FF9D895888D}"
EndProject
Project("{9A19103F-16F7-4668-BE54-9A1E7A4F7556}") = "AnimalShelter.Data", "AnimalShelter.Data\AnimalShelter.Data.csproj", "{EF83B1A0-1EAA-47E7-88C0-BBF79156D87E}"
EndProject
Project("{2150E333-8FDC-42A3-9474-1A3956D46DE8}") = "Tests", "Tests", "{9B9063CD-49D5-4F1C-9852-16EC1C3D76A7}"
EndProject
Project("{FAE04EC0-301F-11D3-BF4B-00C04F79EFBC}") = "AnimalShelter.API.UnitTests", "AnimalShelter.API.UnitTests\AnimalShelter.API.UnitTests.csproj", "{AF2065E2-A907-47E3-B2CE-7E0DC64896A9}"
EndProject
Global
	GlobalSection(SolutionConfigurationPlatforms) = preSolution
		Debug|Any CPU = Debug|Any CPU
		Release|Any CPU = Release|Any CPU
	EndGlobalSection
	GlobalSection(ProjectConfigurationPlatforms) = postSolution
		{29FA0827-EC8E-4D20-9A2F-E712E3D52C7A}.Debug|Any CPU.ActiveCfg = Debug|Any CPU
		{29FA0827-EC8E-4D20-9A2F-E712E3D52C7A}.Debug|Any CPU.Build.0 = Debug|Any CPU
		{29FA0827-EC8E-4D20-9A2F-E712E3D52C7A}.Release|Any CPU.ActiveCfg = Release|Any CPU
		{29FA0827-EC8E-4D20-9A2F-E712E3D52C7A}.Release|Any CPU.Build.0 = Release|Any CPU
		{B6A462C5-3843-41D8-BC8D-1FF9D895888D}.Debug|Any CPU.ActiveCfg = Debug|Any CPU
		{B6A462C5-3843-41D8-BC8D-1FF9D895888D}.Debug|Any CPU.Build.0 = Debug|Any CPU
		{B6A462C5-3843-41D8-BC8D-1FF9D895888D}.Release|Any CPU.ActiveCfg = Release|Any CPU
		{B6A462C5-3843-41D8-BC8D-1FF9D895888D}.Release|Any CPU.Build.0 = Release|Any CPU
		{EF83B1A0-1EAA-47E7-88C0-BBF79156D87E}.Debug|Any CPU.ActiveCfg = Debug|Any CPU
		{EF83B1A0-1EAA-47E7-88C0-BBF79156D87E}.Debug|Any CPU.Build.0 = Debug|Any CPU
		{EF83B1A0-1EAA-47E7-88C0-BBF79156D87E}.Release|Any CPU.ActiveCfg = Release|Any CPU
		{EF83B1A0-1EAA-47E7-88C0-BBF79156D87E}.Release|Any CPU.Build.0 = Release|Any CPU
		{AF2065E2-A907-47E3-B2CE-7E0DC64896A9}.Debug|Any CPU.ActiveCfg = Debug|Any CPU
		{AF2065E2-A907-47E3-B2CE-7E0DC64896A9}.Debug|Any CPU.Build.0 = Debug|Any CPU
		{AF2065E2-A907-47E3-B2CE-7E0DC64896A9}.Release|Any CPU.ActiveCfg = Release|Any CPU
		{AF2065E2-A907-47E3-B2CE-7E0DC64896A9}.Release|Any CPU.Build.0 = Release|Any CPU
	EndGlobalSection
	GlobalSection(SolutionProperties) = preSolution
		HideSolutionNode = FALSE
	EndGlobalSection
	GlobalSection(NestedProjects) = preSolution
		{AF2065E2-A907-47E3-B2CE-7E0DC64896A9} = {9B9063CD-49D5-4F1C-9852-16EC1C3D76A7}
	EndGlobalSection
	GlobalSection(ExtensibilityGlobals) = postSolution
		SolutionGuid = {813C2A51-8312-4BBF-9E60-EB714B7C4303}
	EndGlobalSection
EndGlobal
